
Microsoft Visual Studio Solution File, Format Version 12.00
# Visual Studio 15
VisualStudioVersion = 15.0.28307.645
MinimumVisualStudioVersion = 10.0.40219.1
Project("{FAE04EC0-301F-11D3-BF4B-00C04F79EFBC}") = "200387807_Car_Rental", "200387807_Car_Rental\200387807_Car_Rental.csproj", "{F4C4F4FB-977E-4652-9564-EFDD66B372F5}"
EndProject
Global
	GlobalSection(SolutionConfigurationPlatforms) = preSolution
		Debug|Any CPU = Debug|Any CPU
		Release|Any CPU = Release|Any CPU
	EndGlobalSection
	GlobalSection(ProjectConfigurationPlatforms) = postSolution
		{F4C4F4FB-977E-4652-9564-EFDD66B372F5}.Debug|Any CPU.ActiveCfg = Debug|Any CPU
		{F4C4F4FB-977E-4652-9564-EFDD66B372F5}.Debug|Any CPU.Build.0 = Debug|Any CPU
		{F4C4F4FB-977E-4652-9564-EFDD66B372F5}.Release|Any CPU.ActiveCfg = Release|Any CPU
		{F4C4F4FB-977E-4652-9564-EFDD66B372F5}.Release|Any CPU.Build.0 = Release|Any CPU
	EndGlobalSection
	GlobalSection(SolutionProperties) = preSolution
		HideSolutionNode = FALSE
	EndGlobalSection
	GlobalSection(ExtensibilityGlobals) = postSolution
		SolutionGuid = {392D5BFF-2B2C-463D-9827-47AE54E6DE23}
	EndGlobalSection
EndGlobal
